PODS:
  - LPDSliderView (0.1.0)
  - TestLib (0.1.0):
    - LPDSliderView

DEPENDENCIES:
  - TestLib (from `../`)

EXTERNAL SOURCES:
  TestLib:
    :path: ../

SPEC CHECKSUMS:
  LPDSliderView: 52c345bc9e072b0ae29b57a1d7d1346693f89710
  TestLib: 3755c911685dbd8f9f79aff77b38848fd04d89ad

PODFILE CHECKSUM: d898af9d21aadb22b2750f5dfaf282ff9437a2d6

COCOAPODS: 1.2.1
